PODS:
  - HEREMaps (3.12.2)
  - HEREMapsUI (2.1.1):
    - HEREMaps (= 3.12.2)

DEPENDENCIES:
  - HEREMapsUI (= 2.1.1)

SPEC REPOS:
  https://github.com/cocoapods/specs.git:
    - HEREMaps
    - HEREMapsUI

SPEC CHECKSUMS:
  HEREMaps: 94aedb4134e14d806e34cc8688ec2db2584538ff
  HEREMapsUI: 48a17c35a598f623f8cdab8b555492359f4fe90e

PODFILE CHECKSUM: b80a63c79c335b08769bc150f05f86253084eff8

COCOAPODS: 1.6.1
