PODS:
  - HEREMaps (3.19.2)
  - HEREMapsUI (2.1.9):
    - HEREMaps (= 3.19.2)

DEPENDENCIES:
  - HEREMapsUI (from `../../../`)

SPEC REPOS:
  trunk:
    - HEREMaps

EXTERNAL SOURCES:
  HEREMapsUI:
    :path: "../../../"

SPEC CHECKSUMS:
  HEREMaps: 3c961b122ed6df54821c7aa17b0475337b39a2ae
  HEREMapsUI: dc73f35a1e7321978ced12e7ee9f626c3221a7a6

PODFILE CHECKSUM: 58ca175b25126d60fee462abb7fed9e5b71dd2ea

COCOAPODS: 1.11.2
