PODS:
  - HEREMaps (3.18.2)
  - HEREMapsUI (2.1.7):
    - HEREMaps (= 3.18.2)

DEPENDENCIES:
  - HEREMapsUI (from `../../../`)

SPEC REPOS:
  trunk:
    - HEREMaps

EXTERNAL SOURCES:
  HEREMapsUI:
    :path: "../../../"

SPEC CHECKSUMS:
  HEREMaps: 8ddbfefc38a2c18a273bee79d8aaeb793f6f758d
  HEREMapsUI: 9be95d775b555c63dfb88e1a59ccc35cf94ee3da

PODFILE CHECKSUM: 58ca175b25126d60fee462abb7fed9e5b71dd2ea

COCOAPODS: 1.10.1
