// !$*UTF8*$!
{
	archiveVersion = 1;
	classes = {
	};
	objectVersion = 46;
	objects = {

/* Begin PBXBuildFile section */
		00EB024E43AAADBA864FCB97 /* libPods-HelloMSDKUI.a in Frameworks */ = {isa = PBXBuildFile; fileRef = CF2D2E7FFE603FBFDDD373C1 /* libPods-HelloMSDKUI.a */; };
		C8083FD3216219DF007F4225 /* AppDelegate.swift in Sources */ = {isa = PBXBuildFile; fileRef = C8083FD2216219DF007F4225 /* AppDelegate.swift */; };
		C8083FD5216219DF007F4225 /* ViewController.swift in Sources */ = {isa = PBXBuildFile; fileRef = C8083FD4216219DF007F4225 /* ViewController.swift */; };
		C8083FD8216219DF007F4225 /* Main.storyboard in Resources */ = {isa = PBXBuildFile; fileRef = C8083FD6216219DF007F4225 /* Main.storyboard */; };
		C8083FDA216219E1007F4225 /* Assets.xcassets in Resources */ = {isa = PBXBuildFile; fileRef = C8083FD9216219E1007F4225 /* Assets.xcassets */; };
		C8083FDD216219E1007F4225 /* LaunchScreen.storyboard in Resources */ = {isa = PBXBuildFile; fileRef = C8083FDB216219E1007F4225 /* LaunchScreen.storyboard */; };
/* End PBXBuildFile section */

/* Begin PBXFileReference section */
		C8083FCF216219DF007F4225 /* HelloMSDKUI.app */ = {isa = PBXFileReference; explicitFileType = wrapper.application; includeInIndex = 0; path = HelloMSDKUI.app; sourceTree = BUILT_PRODUCTS_DIR; };
		C8083FD2216219DF007F4225 /* AppDelegate.swift */ = {isa = PBXFileReference; lastKnownFileType = sourcecode.swift; path = AppDelegate.swift; sourceTree = "<group>"; };
		C8083FD4216219DF007F4225 /* ViewController.swift */ = {isa = PBXFileReference; lastKnownFileType = sourcecode.swift; path = ViewController.swift; sourceTree = "<group>"; };
		C8083FD7216219DF007F4225 /* Base */ = {isa = PBXFileReference; lastKnownFileType = file.storyboard; name = Base; path = Base.lproj/Main.storyboard; sourceTree = "<group>"; };
		C8083FD9216219E1007F4225 /* Assets.xcassets */ = {isa = PBXFileReference; lastKnownFileType = folder.assetcatalog; path = Assets.xcassets; sourceTree = "<group>"; };
		C8083FDC216219E1007F4225 /* Base */ = {isa = PBXFileReference; lastKnownFileType = file.storyboard; name = Base; path = Base.lproj/LaunchScreen.storyboard; sourceTree = "<group>"; };
		C8083FDE216219E1007F4225 /* Info.plist */ = {isa = PBXFileReference; lastKnownFileType = text.plist.xml; path = Info.plist; sourceTree = "<group>"; };
		C937086FDB4646CA5D6CED31 /* Pods-HelloMSDKUI.release.xcconfig */ = {isa = PBXFileReference; includeInIndex = 1; lastKnownFileType = text.xcconfig; name = "Pods-HelloMSDKUI.release.xcconfig"; path = "Target Support Files/Pods-HelloMSDKUI/Pods-HelloMSDKUI.release.xcconfig"; sourceTree = "<group>"; };
		CF2D2E7FFE603FBFDDD373C1 /* libPods-HelloMSDKUI.a */ = {isa = PBXFileReference; explicitFileType = archive.ar; includeInIndex = 0; path = "libPods-HelloMSDKUI.a"; sourceTree = BUILT_PRODUCTS_DIR; };
		F234D1C47B40EBF1EF77D991 /* Pods-HelloMSDKUI.debug.xcconfig */ = {isa = PBXFileReference; includeInIndex = 1; lastKnownFileType = text.xcconfig; name = "Pods-HelloMSDKUI.debug.xcconfig"; path = "Target Support Files/Pods-HelloMSDKUI/Pods-HelloMSDKUI.debug.xcconfig"; sourceTree = "<group>"; };
/* End PBXFileReference section */

/* Begin PBXFrameworksBuildPhase section */
		C8083FCC216219DF007F4225 /* Frameworks */ = {
			isa = PBXFrameworksBuildPhase;
			buildActionMask = 2147483647;
			files = (
				00EB024E43AAADBA864FCB97 /* libPods-HelloMSDKUI.a in Frameworks */,
			);
			runOnlyForDeploymentPostprocessing = 0;
		};
/* End PBXFrameworksBuildPhase section */

/* Begin PBXGroup section */
		1247D44A3EA1918FD65E2C21 /* Pods */ = {
			isa = PBXGroup;
			children = (
				F234D1C47B40EBF1EF77D991 /* Pods-HelloMSDKUI.debug.xcconfig */,
				C937086FDB4646CA5D6CED31 /* Pods-HelloMSDKUI.release.xcconfig */,
			);
			path = Pods;
			sourceTree = "<group>";
		};
		C8083FC6216219DF007F4225 = {
			isa = PBXGroup;
			children = (
				C8083FD1216219DF007F4225 /* HelloMSDKUI */,
				C8083FD0216219DF007F4225 /* Products */,
				1247D44A3EA1918FD65E2C21 /* Pods */,
				FC8E14A1FAD56A2DCA82A4B8 /* Frameworks */,
			);
			sourceTree = "<group>";
		};
		C8083FD0216219DF007F4225 /* Products */ = {
			isa = PBXGroup;
			children = (
				C8083FCF216219DF007F4225 /* HelloMSDKUI.app */,
			);
			name = Products;
			sourceTree = "<group>";
		};
		C8083FD1216219DF007F4225 /* HelloMSDKUI */ = {
			isa = PBXGroup;
			children = (
				C8083FD2216219DF007F4225 /* AppDelegate.swift */,
				C8083FD4216219DF007F4225 /* ViewController.swift */,
				C8083FD6216219DF007F4225 /* Main.storyboard */,
				C8083FD9216219E1007F4225 /* Assets.xcassets */,
				C8083FDB216219E1007F4225 /* LaunchScreen.storyboard */,
				C8083FDE216219E1007F4225 /* Info.plist */,
			);
			path = HelloMSDKUI;
			sourceTree = "<group>";
		};
		FC8E14A1FAD56A2DCA82A4B8 /* Frameworks */ = {
			isa = PBXGroup;
			children = (
				CF2D2E7FFE603FBFDDD373C1 /* libPods-HelloMSDKUI.a */,
			);
			name = Frameworks;
			sourceTree = "<group>";
		};
/* End PBXGroup section */

/* Begin PBXNativeTarget section */
		C8083FCE216219DF007F4225 /* HelloMSDKUI */ = {
			isa = PBXNativeTarget;
			buildConfigurationList = C8083FE1216219E1007F4225 /* Build configuration list for PBXNativeTarget "HelloMSDKUI" */;
			buildPhases = (
				63F18125EA2B8D1F38DE79F8 /* [CP] Check Pods Manifest.lock */,
				C8083FCB216219DF007F4225 /* Sources */,
				C8083FCC216219DF007F4225 /* Frameworks */,
				C8083FCD216219DF007F4225 /* Resources */,
				A46645938E1DDDCB95394546 /* [CP] Embed Pods Frameworks */,
				D0D314168A916EC3FFDF7037 /* [CP] Copy Pods Resources */,
			);
			buildRules = (
			);
			dependencies = (
			);
			name = HelloMSDKUI;
			productName = HelloMSDKUI;
			productReference = C8083FCF216219DF007F4225 /* HelloMSDKUI.app */;
			productType = "com.apple.product-type.application";
		};
/* End PBXNativeTarget section */

/* Begin PBXProject section */
		C8083FC7216219DF007F4225 /* Project object */ = {
			isa = PBXProject;
			attributes = {
				LastSwiftUpdateCheck = 1000;
				LastUpgradeCheck = 1220;
				ORGANIZATIONNAME = HERE;
				TargetAttributes = {
					C8083FCE216219DF007F4225 = {
						CreatedOnToolsVersion = 10.0;
						ProvisioningStyle = Automatic;
					};
				};
			};
			buildConfigurationList = C8083FCA216219DF007F4225 /* Build configuration list for PBXProject "HelloMSDKUI" */;
			compatibilityVersion = "Xcode 3.2";
			developmentRegion = en;
			hasScannedForEncodings = 0;
			knownRegions = (
				en,
				Base,
			);
			mainGroup = C8083FC6216219DF007F4225;
			productRefGroup = C8083FD0216219DF007F4225 /* Products */;
			projectDirPath = "";
			projectRoot = "";
			targets = (
				C8083FCE216219DF007F4225 /* HelloMSDKUI */,
			);
		};
/* End PBXProject section */

/* Begin PBXResourcesBuildPhase section */
		C8083FCD216219DF007F4225 /* Resources */ = {
			isa = PBXResourcesBuildPhase;
			buildActionMask = 2147483647;
			files = (
				C8083FDD216219E1007F4225 /* LaunchScreen.storyboard in Resources */,
				C8083FDA216219E1007F4225 /* Assets.xcassets in Resources */,
				C8083FD8216219DF007F4225 /* Main.storyboard in Resources */,
			);
			runOnlyForDeploymentPostprocessing = 0;
		};
/* End PBXResourcesBuildPhase section */

/* Begin PBXShellScriptBuildPhase section */
		63F18125EA2B8D1F38DE79F8 /* [CP] Check Pods Manifest.lock */ = {
			isa = PBXShellScriptBuildPhase;
			buildActionMask = 2147483647;
			files = (
			);
			inputFileListPaths = (
			);
			inputPaths = (
				"${PODS_PODFILE_DIR_PATH}/Podfile.lock",
				"${PODS_ROOT}/Manifest.lock",
			);
			name = "[CP] Check Pods Manifest.lock";
			outputFileListPaths = (
			);
			outputPaths = (
				"$(DERIVED_FILE_DIR)/Pods-HelloMSDKUI-checkManifestLockResult.txt",
			);
			runOnlyForDeploymentPostprocessing = 0;
			shellPath = /bin/sh;
			shellScript = "diff \"${PODS_PODFILE_DIR_PATH}/Podfile.lock\" \"${PODS_ROOT}/Manifest.lock\" > /dev/null\nif [ $? != 0 ] ; then\n    # print error to STDERR\n    echo \"error: The sandbox is not in sync with the Podfile.lock. Run 'pod install' or update your CocoaPods installation.\" >&2\n    exit 1\nfi\n# This output is used by Xcode 'outputs' to avoid re-running this script phase.\necho \"SUCCESS\" > \"${SCRIPT_OUTPUT_FILE_0}\"\n";
			showEnvVarsInLog = 0;
		};
		A46645938E1DDDCB95394546 /* [CP] Embed Pods Frameworks */ = {
			isa = PBXShellScriptBuildPhase;
			buildActionMask = 2147483647;
			files = (
			);
			inputPaths = (
				"${PODS_ROOT}/Target Support Files/Pods-HelloMSDKUI/Pods-HelloMSDKUI-frameworks.sh",
				"${PODS_XCFRAMEWORKS_BUILD_DIR}/NMAKit/NMAKit.framework/NMAKit",
			);
			name = "[CP] Embed Pods Frameworks";
			outputPaths = (
				"${TARGET_BUILD_DIR}/${FRAMEWORKS_FOLDER_PATH}/NMAKit.framework",
			);
			runOnlyForDeploymentPostprocessing = 0;
			shellPath = /bin/sh;
			shellScript = "\"${PODS_ROOT}/Target Support Files/Pods-HelloMSDKUI/Pods-HelloMSDKUI-frameworks.sh\"\n";
			showEnvVarsInLog = 0;
		};
		D0D314168A916EC3FFDF7037 /* [CP] Copy Pods Resources */ = {
			isa = PBXShellScriptBuildPhase;
			buildActionMask = 2147483647;
			files = (
			);
			inputPaths = (
				"${PODS_ROOT}/Target Support Files/Pods-HelloMSDKUI/Pods-HelloMSDKUI-resources.sh",
				"${PODS_CONFIGURATION_BUILD_DIR}/HEREMapsUI/MSDKUI.bundle",
			);
			name = "[CP] Copy Pods Resources";
			outputPaths = (
				"${TARGET_BUILD_DIR}/${UNLOCALIZED_RESOURCES_FOLDER_PATH}/MSDKUI.bundle",
			);
			runOnlyForDeploymentPostprocessing = 0;
			shellPath = /bin/sh;
			shellScript = "\"${PODS_ROOT}/Target Support Files/Pods-HelloMSDKUI/Pods-HelloMSDKUI-resources.sh\"\n";
			showEnvVarsInLog = 0;
		};
/* End PBXShellScriptBuildPhase section */

/* Begin PBXSourcesBuildPhase section */
		C8083FCB216219DF007F4225 /* Sources */ = {
			isa = PBXSourcesBuildPhase;
			buildActionMask = 2147483647;
			files = (
				C8083FD5216219DF007F4225 /* ViewController.swift in Sources */,
				C8083FD3216219DF007F4225 /* AppDelegate.swift in Sources */,
			);
			runOnlyForDeploymentPostprocessing = 0;
		};
/* End PBXSourcesBuildPhase section */

/* Begin PBXVariantGroup section */
		C8083FD6216219DF007F4225 /* Main.storyboard */ = {
			isa = PBXVariantGroup;
			children = (
				C8083FD7216219DF007F4225 /* Base */,
			);
			name = Main.storyboard;
			sourceTree = "<group>";
		};
		C8083FDB216219E1007F4225 /* LaunchScreen.storyboard */ = {
			isa = PBXVariantGroup;
			children = (
				C8083FDC216219E1007F4225 /* Base */,
			);
			name = LaunchScreen.storyboard;
			sourceTree = "<group>";
		};
/* End PBXVariantGroup section */

/* Begin XCBuildConfiguration section */
		C8083FDF216219E1007F4225 /* Debug */ = {
			isa = XCBuildConfiguration;
			buildSettings = {
				ALWAYS_SEARCH_USER_PATHS = NO;
				CLANG_ANALYZER_NONNULL = YES;
				CLANG_ANALYZER_NUMBER_OBJECT_CONVERSION = YES_AGGRESSIVE;
				CLANG_CXX_LANGUAGE_STANDARD = "gnu++14";
				CLANG_CXX_LIBRARY = "libc++";
				CLANG_ENABLE_MODULES = YES;
				CLANG_ENABLE_OBJC_ARC = YES;
				CLANG_ENABLE_OBJC_WEAK = YES;
				CLANG_WARN_BLOCK_CAPTURE_AUTORELEASING = YES;
				CLANG_WARN_BOOL_CONVERSION = YES;
				CLANG_WARN_COMMA = YES;
				CLANG_WARN_CONSTANT_CONVERSION = YES;
				CLANG_WARN_DEPRECATED_OBJC_IMPLEMENTATIONS = YES;
				CLANG_WARN_DIRECT_OBJC_ISA_USAGE = YES_ERROR;
				CLANG_WARN_DOCUMENTATION_COMMENTS = YES;
				CLANG_WARN_EMPTY_BODY = YES;
				CLANG_WARN_ENUM_CONVERSION = YES;
				CLANG_WARN_INFINITE_RECURSION = YES;
				CLANG_WARN_INT_CONVERSION = YES;
				CLANG_WARN_NON_LITERAL_NULL_CONVERSION = YES;
				CLANG_WARN_OBJC_IMPLICIT_RETAIN_SELF = YES;
				CLANG_WARN_OBJC_LITERAL_CONVERSION = YES;
				CLANG_WARN_OBJC_ROOT_CLASS = YES_ERROR;
				CLANG_WARN_QUOTED_INCLUDE_IN_FRAMEWORK_HEADER = YES;
				CLANG_WARN_RANGE_LOOP_ANALYSIS = YES;
				CLANG_WARN_STRICT_PROTOTYPES = YES;
				CLANG_WARN_SUSPICIOUS_MOVE = YES;
				CLANG_WARN_UNGUARDED_AVAILABILITY = YES_AGGRESSIVE;
				CLANG_WARN_UNREACHABLE_CODE = YES;
				CLANG_WARN__DUPLICATE_METHOD_MATCH = YES;
				CODE_SIGN_IDENTITY = "iPhone Developer";
				COPY_PHASE_STRIP = NO;
				DEBUG_INFORMATION_FORMAT = dwarf;
				ENABLE_STRICT_OBJC_MSGSEND = YES;
				ENABLE_TESTABILITY = YES;
				GCC_C_LANGUAGE_STANDARD = gnu11;
				GCC_DYNAMIC_NO_PIC = NO;
				GCC_NO_COMMON_BLOCKS = YES;
				GCC_OPTIMIZATION_LEVEL = 0;
				GCC_PREPROCESSOR_DEFINITIONS = (
					"DEBUG=1",
					"$(inherited)",
				);
				GCC_WARN_64_TO_32_BIT_CONVERSION = YES;
				GCC_WARN_ABOUT_RETURN_TYPE = YES_ERROR;
				GCC_WARN_UNDECLARED_SELECTOR = YES;
				GCC_WARN_UNINITIALIZED_AUTOS = YES_AGGRESSIVE;
				GCC_WARN_UNUSED_FUNCTION = YES;
				GCC_WARN_UNUSED_VARIABLE = YES;
				IPHONEOS_DEPLOYMENT_TARGET = 12.0;
				MTL_ENABLE_DEBUG_INFO = INCLUDE_SOURCE;
				MTL_FAST_MATH = YES;
				ONLY_ACTIVE_ARCH = YES;
				SDKROOT = iphoneos;
				SWIFT_ACTIVE_COMPILATION_CONDITIONS = DEBUG;
				SWIFT_OPTIMIZATION_LEVEL = "-Onone";
			};
			name = Debug;
		};
		C8083FE0216219E1007F4225 /* Release */ = {
			isa = XCBuildConfiguration;
			buildSettings = {
				ALWAYS_SEARCH_USER_PATHS = NO;
				CLANG_ANALYZER_NONNULL = YES;
				CLANG_ANALYZER_NUMBER_OBJECT_CONVERSION = YES_AGGRESSIVE;
				CLANG_CXX_LANGUAGE_STANDARD = "gnu++14";
				CLANG_CXX_LIBRARY = "libc++";
				CLANG_ENABLE_MODULES = YES;
				CLANG_ENABLE_OBJC_ARC = YES;
				CLANG_ENABLE_OBJC_WEAK = YES;
				CLANG_WARN_BLOCK_CAPTURE_AUTORELEASING = YES;
				CLANG_WARN_BOOL_CONVERSION = YES;
				CLANG_WARN_COMMA = YES;
				CLANG_WARN_CONSTANT_CONVERSION = YES;
				CLANG_WARN_DEPRECATED_OBJC_IMPLEMENTATIONS = YES;
				CLANG_WARN_DIRECT_OBJC_ISA_USAGE = YES_ERROR;
				CLANG_WARN_DOCUMENTATION_COMMENTS = YES;
				CLANG_WARN_EMPTY_BODY = YES;
				CLANG_WARN_ENUM_CONVERSION = YES;
				CLANG_WARN_INFINITE_RECURSION = YES;
				CLANG_WARN_INT_CONVERSION = YES;
				CLANG_WARN_NON_LITERAL_NULL_CONVERSION = YES;
				CLANG_WARN_OBJC_IMPLICIT_RETAIN_SELF = YES;
				CLANG_WARN_OBJC_LITERAL_CONVERSION = YES;
				CLANG_WARN_OBJC_ROOT_CLASS = YES_ERROR;
				CLANG_WARN_QUOTED_INCLUDE_IN_FRAMEWORK_HEADER = YES;
				CLANG_WARN_RANGE_LOOP_ANALYSIS = YES;
				CLANG_WARN_STRICT_PROTOTYPES = YES;
				CLANG_WARN_SUSPICIOUS_MOVE = YES;
				CLANG_WARN_UNGUARDED_AVAILABILITY = YES_AGGRESSIVE;
				CLANG_WARN_UNREACHABLE_CODE = YES;
				CLANG_WARN__DUPLICATE_METHOD_MATCH = YES;
				CODE_SIGN_IDENTITY = "iPhone Developer";
				COPY_PHASE_STRIP = NO;
				DEBUG_INFORMATION_FORMAT = "dwarf-with-dsym";
				ENABLE_NS_ASSERTIONS = NO;
				ENABLE_STRICT_OBJC_MSGSEND = YES;
				GCC_C_LANGUAGE_STANDARD = gnu11;
				GCC_NO_COMMON_BLOCKS = YES;
				GCC_WARN_64_TO_32_BIT_CONVERSION = YES;
				GCC_WARN_ABOUT_RETURN_TYPE = YES_ERROR;
				GCC_WARN_UNDECLARED_SELECTOR = YES;
				GCC_WARN_UNINITIALIZED_AUTOS = YES_AGGRESSIVE;
				GCC_WARN_UNUSED_FUNCTION = YES;
				GCC_WARN_UNUSED_VARIABLE = YES;
				IPHONEOS_DEPLOYMENT_TARGET = 12.0;
				MTL_ENABLE_DEBUG_INFO = NO;
				MTL_FAST_MATH = YES;
				SDKROOT = iphoneos;
				SWIFT_OPTIMIZATION_LEVEL = "-Owholemodule";
				VALIDATE_PRODUCT = YES;
			};
			name = Release;
		};
		C8083FE2216219E1007F4225 /* Debug */ = {
			isa = XCBuildConfiguration;
			baseConfigurationReference = F234D1C47B40EBF1EF77D991 /* Pods-HelloMSDKUI.debug.xcconfig */;
			buildSettings = {
				ASSETCATALOG_COMPILER_APPICON_NAME = AppIcon;
				CODE_SIGN_STYLE = Automatic;
				DEVELOPMENT_TEAM = "";
				INFOPLIST_FILE = HelloMSDKUI/Info.plist;
				IPHONEOS_DEPLOYMENT_TARGET = 12.0;
				LD_RUNPATH_SEARCH_PATHS = "$(inherited) @executable_path/Frameworks";
				PRODUCT_BUNDLE_IDENTIFIER = com.here.msdkui.example;
				PRODUCT_NAME = "$(TARGET_NAME)";
				SWIFT_VERSION = 5.0;
				TARGETED_DEVICE_FAMILY = "1,2";
			};
			name = Debug;
		};
		C8083FE3216219E1007F4225 /* Release */ = {
			isa = XCBuildConfiguration;
			baseConfigurationReference = C937086FDB4646CA5D6CED31 /* Pods-HelloMSDKUI.release.xcconfig */;
			buildSettings = {
				ASSETCATALOG_COMPILER_APPICON_NAME = AppIcon;
				CODE_SIGN_STYLE = Automatic;
				DEVELOPMENT_TEAM = "";
				INFOPLIST_FILE = HelloMSDKUI/Info.plist;
				IPHONEOS_DEPLOYMENT_TARGET = 12.0;
				LD_RUNPATH_SEARCH_PATHS = "$(inherited) @executable_path/Frameworks";
				PRODUCT_BUNDLE_IDENTIFIER = com.here.msdkui.example;
				PRODUCT_NAME = "$(TARGET_NAME)";
				SWIFT_VERSION = 5.0;
				TARGETED_DEVICE_FAMILY = "1,2";
			};
			name = Release;
		};
/* End XCBuildConfiguration section */

/* Begin XCConfigurationList section */
		C8083FCA216219DF007F4225 /* Build configuration list for PBXProject "HelloMSDKUI" */ = {
			isa = XCConfigurationList;
			buildConfigurations = (
				C8083FDF216219E1007F4225 /* Debug */,
				C8083FE0216219E1007F4225 /* Release */,
			);
			defaultConfigurationIsVisible = 0;
			defaultConfigurationName = Release;
		};
		C8083FE1216219E1007F4225 /* Build configuration list for PBXNativeTarget "HelloMSDKUI" */ = {
			isa = XCConfigurationList;
			buildConfigurations = (
				C8083FE2216219E1007F4225 /* Debug */,
				C8083FE3216219E1007F4225 /* Release */,
			);
			defaultConfigurationIsVisible = 0;
			defaultConfigurationName = Release;
		};
/* End XCConfigurationList section */
	};
	rootObject = C8083FC7216219DF007F4225 /* Project object */;
}
