PODS:
  - EarlGrey (1.16.0)
  - HEREMaps (3.18.2)
  - HEREMapsUI (2.1.8):
    - HEREMaps (= 3.18.2)
  - OCMock (3.8.1)
  - SwiftLint (0.43.1)

DEPENDENCIES:
  - EarlGrey (= 1.16.0)
  - HEREMapsUI (from `./`)
  - OCMock (= 3.8.1)
  - SwiftLint (= 0.43.1)

SPEC REPOS:
  trunk:
    - EarlGrey
    - HEREMaps
    - OCMock
    - SwiftLint

EXTERNAL SOURCES:
  HEREMapsUI:
    :path: "./"

SPEC CHECKSUMS:
  EarlGrey: 455e5597ae5ccaca92cd46b81d8b25cacec060a1
  HEREMaps: 2ce8fe190eaf7c3438c381af11650cad7d4879c6
  HEREMapsUI: 88eace0b19a8a77eb9ea0b56df6d9209c4d547dc
  OCMock: 29f6e52085b4e7d9b075cbf03ed7c3112f82f934
  SwiftLint: 99f82d07b837b942dd563c668de129a03fc3fb52

PODFILE CHECKSUM: aa270a7137afd7e15beba67ceafa5bf1114c25b3

COCOAPODS: 1.10.1
