PODS:
  - EarlGrey (1.16.0)
  - HEREMaps (3.19.2)
  - HEREMapsUI (2.1.8):
    - HEREMaps (= 3.19.2)
  - OCMock (3.8.1)
  - SwiftLint (0.44.0)

DEPENDENCIES:
  - EarlGrey (= 1.16.0)
  - HEREMapsUI (from `./`)
  - OCMock (= 3.8.1)
  - SwiftLint (= 0.44.0)

SPEC REPOS:
  trunk:
    - EarlGrey
    - HEREMaps
    - OCMock
    - SwiftLint

EXTERNAL SOURCES:
  HEREMapsUI:
    :path: "./"

SPEC CHECKSUMS:
  EarlGrey: 455e5597ae5ccaca92cd46b81d8b25cacec060a1
  HEREMaps: 3c961b122ed6df54821c7aa17b0475337b39a2ae
  HEREMapsUI: 4b93839644ec62013bae34d4a34c0eafc47a6550
  OCMock: 29f6e52085b4e7d9b075cbf03ed7c3112f82f934
  SwiftLint: e96c0a8c770c7ebbc4d36c55baf9096bb65c4584

PODFILE CHECKSUM: 497fecc7abdb87cc1c3aaf9976b31b8f34b2d824

COCOAPODS: 1.11.2
