PODS:
  - EarlGrey (1.16.0)
  - HEREMaps (3.17.2)
  - HEREMapsUI (2.1.7):
    - HEREMaps (= 3.17.2)
  - OCMock (3.7.1)
  - SwiftLint (0.41.0)

DEPENDENCIES:
  - EarlGrey (= 1.16.0)
  - HEREMapsUI (from `./`)
  - OCMock (= 3.7.1)
  - SwiftLint (= 0.41.0)

SPEC REPOS:
  trunk:
    - EarlGrey
    - HEREMaps
    - OCMock
    - SwiftLint

EXTERNAL SOURCES:
  HEREMapsUI:
    :path: "./"

SPEC CHECKSUMS:
  EarlGrey: 455e5597ae5ccaca92cd46b81d8b25cacec060a1
  HEREMaps: 8ddbfefc38a2c18a273bee79d8aaeb793f6f758d
  HEREMapsUI: 9be95d775b555c63dfb88e1a59ccc35cf94ee3da
  OCMock: 75fbeaa46a9b11f8c182bbb1d1f7e9a35ccc9955
  SwiftLint: c585ebd615d9520d7fbdbe151f527977b0534f1e

PODFILE CHECKSUM: eb4732985fef8e9b58661fbfc37f15be3567178b

COCOAPODS: 1.10.0
