PODS:
  - HEREMaps (3.13.2)
  - HEREMapsUI (2.1.2):
    - HEREMaps (= 3.13.2)

DEPENDENCIES:
  - HEREMapsUI (from `../../../`)

SPEC REPOS:
  https://github.com/cocoapods/specs.git:
    - HEREMaps

EXTERNAL SOURCES:
  HEREMapsUI:
    :path: "../../../"

SPEC CHECKSUMS:
  HEREMaps: cc8908bb685c078b4b7f4d372c2ce3c4b03bf13a
  HEREMapsUI: 03f0f97498e99d18dc7ca00b4fc8f743850a337c

PODFILE CHECKSUM: 80ce21e74c6cabf736c02adaa2c068a1243bd977

COCOAPODS: 1.7.5
