PODS:
  - HEREMaps (3.13.2)
  - HEREMapsUI (2.1.2):
    - HEREMaps (= 3.13.2)

DEPENDENCIES:
  - HEREMapsUI (from `../../../`)

SPEC REPOS:
  https://github.com/cocoapods/specs.git:
    - HEREMaps

EXTERNAL SOURCES:
  HEREMapsUI:
    :path: "../../../"

SPEC CHECKSUMS:
  HEREMaps: cc8908bb685c078b4b7f4d372c2ce3c4b03bf13a
  HEREMapsUI: 3963cbeb91a7bca2f5398ae0d6f4501319d5d960

PODFILE CHECKSUM: 7ccf5788fa0b1c19a09c3e2c61412c62ef4d6473

COCOAPODS: 1.7.5
