PODS:
  - HEREMaps (3.19.3)
  - HEREMapsUI (2.1.9):
    - HEREMaps (= 3.19.3)

DEPENDENCIES:
  - HEREMapsUI (from `../../../`)

SPEC REPOS:
  trunk:
    - HEREMaps

EXTERNAL SOURCES:
  HEREMapsUI:
    :path: "../../../"

SPEC CHECKSUMS:
  HEREMaps: e71d8900257896625b10e804761866200d9f0f2d
  HEREMapsUI: b757f0347f13bafe1343686f8cd7e2bdf5675ad7

PODFILE CHECKSUM: 14387fada14e074aefccf9726bb9f196d0747a8c

COCOAPODS: 1.11.2
